
Microsoft Visual Studio Solution File, Format Version 12.00
# Visual Studio Version 16
VisualStudioVersion = 16.0.32002.261
MinimumVisualStudioVersion = 10.0.40219.1
Project("{2150E333-8FDC-42A3-9474-1A3956D46DE8}") = "Services", "Services", "{358D5C82-8C3C-40A8-8939-6A27A5A15D63}"
EndProject
Project("{2150E333-8FDC-42A3-9474-1A3956D46DE8}") = "Catalog", "Catalog", "{DFE01FE8-A08F-4187-9124-E316AB0BB771}"
EndProject
Project("{9A19103F-16F7-4668-BE54-9A1E7A4F7556}") = "Catalog.API", "Services\Catalog\Catalog.API\Catalog.API.csproj", "{1A2C7D3A-BBFE-40D5-94AB-1A604E88271D}"
EndProject
Project("{E53339B2-1760-4266-BCC7-CA923CBCF16C}") = "docker-compose", "docker-compose.dcproj", "{38C7DA84-8BC0-4BF0-805F-CC2178A30E22}"
EndProject
Project("{2150E333-8FDC-42A3-9474-1A3956D46DE8}") = "Basket", "Basket", "{1283AB95-D753-4D67-A57F-FDD7A584CF58}"
EndProject
Project("{9A19103F-16F7-4668-BE54-9A1E7A4F7556}") = "Basket.API", "Services\Basket\Basket.API\Basket.API.csproj", "{198BE2EB-AFDF-4397-9BA5-BE7B1A9E6E32}"
EndProject
Project("{2150E333-8FDC-42A3-9474-1A3956D46DE8}") = "Discount", "Discount", "{2C722B97-CCB0-4FDB-9387-FAC9FA86D0E8}"
EndProject
Project("{9A19103F-16F7-4668-BE54-9A1E7A4F7556}") = "Discount.API", "Services\Discount\Discount.API\Discount.API.csproj", "{66F6410C-43F4-4AC7-B9B1-D1F0069A232F}"
EndProject
Project("{9A19103F-16F7-4668-BE54-9A1E7A4F7556}") = "Discount.Grpc", "Services\Discount\Discount.Grpc\Discount.Grpc.csproj", "{60F09CFF-7AAF-4E1E-8E87-3749F6E7184F}"
EndProject
Project("{2150E333-8FDC-42A3-9474-1A3956D46DE8}") = "Ordering", "Ordering", "{0FCFA391-D950-4797-9645-26745D3A3240}"
EndProject
Project("{9A19103F-16F7-4668-BE54-9A1E7A4F7556}") = "Ordering.API", "Services\Ordering\Ordering.API\Ordering.API.csproj", "{7603147B-96F5-48D4-993F-32DED4EA1A0E}"
EndProject
Project("{9A19103F-16F7-4668-BE54-9A1E7A4F7556}") = "Ordering.Domain", "Services\Ordering\Ordering.Domain\Ordering.Domain.csproj", "{2EC93F2B-57A4-4DF4-A43F-88907BDFEBC2}"
EndProject
Project("{9A19103F-16F7-4668-BE54-9A1E7A4F7556}") = "Ordering.Application", "Services\Ordering\Ordering.Application\Ordering.Application.csproj", "{7003FDE3-B8A3-4A48-BB12-E750F09EB5E6}"
EndProject
Project("{9A19103F-16F7-4668-BE54-9A1E7A4F7556}") = "Ordering.Infrastructure", "Services\Ordering\Ordering.Infrastructure\Ordering.Infrastructure.csproj", "{E1B734B0-C14C-4ECE-A401-FA4E924A3089}"
EndProject
Project("{2150E333-8FDC-42A3-9474-1A3956D46DE8}") = "BuildingBlocks", "BuildingBlocks", "{7AEADFDF-6F51-4E9E-BA6B-D0FA59D5A974}"
EndProject
Project("{9A19103F-16F7-4668-BE54-9A1E7A4F7556}") = "EventBus.Messages", "BuildingBlocks\EventBus.Messages\EventBus.Messages.csproj", "{AAB68DC5-7BDA-492F-A4D0-DA45A7109A4B}"
EndProject
Project("{2150E333-8FDC-42A3-9474-1A3956D46DE8}") = "ApiGateways", "ApiGateways", "{D1C24B78-411D-402F-89DD-9D8C4984F1A1}"
EndProject
Project("{9A19103F-16F7-4668-BE54-9A1E7A4F7556}") = "OcelotApiGw", "ApiGateways\OcelotApiGw\OcelotApiGw.csproj", "{0C4C9D1C-ED76-47CE-BCF2-2F7ABBF91651}"
EndProject
Project("{9A19103F-16F7-4668-BE54-9A1E7A4F7556}") = "Shopping.Aggregator", "ApiGateways\Shopping.Aggregator\Shopping.Aggregator.csproj", "{8D9A88A9-B0DC-4852-9E99-6F2F0F3E45E9}"
EndProject
Project("{2150E333-8FDC-42A3-9474-1A3956D46DE8}") = "WebApps", "WebApps", "{649D1981-3412-4217-B023-5579DE9DAEEA}"
EndProject
Project("{9A19103F-16F7-4668-BE54-9A1E7A4F7556}") = "AspnetRunBasics", "WebApps\AspnetRunBasics\AspnetRunBasics.csproj", "{FA8E4985-98E2-417F-9BDF-B50E194C5093}"
EndProject
Global
	GlobalSection(SolutionConfigurationPlatforms) = preSolution
		Debug|Any CPU = Debug|Any CPU
		Release|Any CPU = Release|Any CPU
	EndGlobalSection
	GlobalSection(ProjectConfigurationPlatforms) = postSolution
		{1A2C7D3A-BBFE-40D5-94AB-1A604E88271D}.Debug|Any CPU.ActiveCfg = Debug|Any CPU
		{1A2C7D3A-BBFE-40D5-94AB-1A604E88271D}.Debug|Any CPU.Build.0 = Debug|Any CPU
		{1A2C7D3A-BBFE-40D5-94AB-1A604E88271D}.Release|Any CPU.ActiveCfg = Release|Any CPU
		{1A2C7D3A-BBFE-40D5-94AB-1A604E88271D}.Release|Any CPU.Build.0 = Release|Any CPU
		{38C7DA84-8BC0-4BF0-805F-CC2178A30E22}.Debug|Any CPU.ActiveCfg = Debug|Any CPU
		{38C7DA84-8BC0-4BF0-805F-CC2178A30E22}.Debug|Any CPU.Build.0 = Debug|Any CPU
		{38C7DA84-8BC0-4BF0-805F-CC2178A30E22}.Release|Any CPU.ActiveCfg = Release|Any CPU
		{38C7DA84-8BC0-4BF0-805F-CC2178A30E22}.Release|Any CPU.Build.0 = Release|Any CPU
		{198BE2EB-AFDF-4397-9BA5-BE7B1A9E6E32}.Debug|Any CPU.ActiveCfg = Debug|Any CPU
		{198BE2EB-AFDF-4397-9BA5-BE7B1A9E6E32}.Debug|Any CPU.Build.0 = Debug|Any CPU
		{198BE2EB-AFDF-4397-9BA5-BE7B1A9E6E32}.Release|Any CPU.ActiveCfg = Release|Any CPU
		{198BE2EB-AFDF-4397-9BA5-BE7B1A9E6E32}.Release|Any CPU.Build.0 = Release|Any CPU
		{66F6410C-43F4-4AC7-B9B1-D1F0069A232F}.Debug|Any CPU.ActiveCfg = Debug|Any CPU
		{66F6410C-43F4-4AC7-B9B1-D1F0069A232F}.Debug|Any CPU.Build.0 = Debug|Any CPU
		{66F6410C-43F4-4AC7-B9B1-D1F0069A232F}.Release|Any CPU.ActiveCfg = Release|Any CPU
		{66F6410C-43F4-4AC7-B9B1-D1F0069A232F}.Release|Any CPU.Build.0 = Release|Any CPU
		{60F09CFF-7AAF-4E1E-8E87-3749F6E7184F}.Debug|Any CPU.ActiveCfg = Debug|Any CPU
		{60F09CFF-7AAF-4E1E-8E87-3749F6E7184F}.Debug|Any CPU.Build.0 = Debug|Any CPU
		{60F09CFF-7AAF-4E1E-8E87-3749F6E7184F}.Release|Any CPU.ActiveCfg = Release|Any CPU
		{60F09CFF-7AAF-4E1E-8E87-3749F6E7184F}.Release|Any CPU.Build.0 = Release|Any CPU
		{7603147B-96F5-48D4-993F-32DED4EA1A0E}.Debug|Any CPU.ActiveCfg = Debug|Any CPU
		{7603147B-96F5-48D4-993F-32DED4EA1A0E}.Debug|Any CPU.Build.0 = Debug|Any CPU
		{7603147B-96F5-48D4-993F-32DED4EA1A0E}.Release|Any CPU.ActiveCfg = Release|Any CPU
		{7603147B-96F5-48D4-993F-32DED4EA1A0E}.Release|Any CPU.Build.0 = Release|Any CPU
		{2EC93F2B-57A4-4DF4-A43F-88907BDFEBC2}.Debug|Any CPU.ActiveCfg = Debug|Any CPU
		{2EC93F2B-57A4-4DF4-A43F-88907BDFEBC2}.Debug|Any CPU.Build.0 = Debug|Any CPU
		{2EC93F2B-57A4-4DF4-A43F-88907BDFEBC2}.Release|Any CPU.ActiveCfg = Release|Any CPU
		{2EC93F2B-57A4-4DF4-A43F-88907BDFEBC2}.Release|Any CPU.Build.0 = Release|Any CPU
		{7003FDE3-B8A3-4A48-BB12-E750F09EB5E6}.Debug|Any CPU.ActiveCfg = Debug|Any CPU
		{7003FDE3-B8A3-4A48-BB12-E750F09EB5E6}.Debug|Any CPU.Build.0 = Debug|Any CPU
		{7003FDE3-B8A3-4A48-BB12-E750F09EB5E6}.Release|Any CPU.ActiveCfg = Release|Any CPU
		{7003FDE3-B8A3-4A48-BB12-E750F09EB5E6}.Release|Any CPU.Build.0 = Release|Any CPU
		{E1B734B0-C14C-4ECE-A401-FA4E924A3089}.Debug|Any CPU.ActiveCfg = Debug|Any CPU
		{E1B734B0-C14C-4ECE-A401-FA4E924A3089}.Debug|Any CPU.Build.0 = Debug|Any CPU
		{E1B734B0-C14C-4ECE-A401-FA4E924A3089}.Release|Any CPU.ActiveCfg = Release|Any CPU
		{E1B734B0-C14C-4ECE-A401-FA4E924A3089}.Release|Any CPU.Build.0 = Release|Any CPU
		{AAB68DC5-7BDA-492F-A4D0-DA45A7109A4B}.Debug|Any CPU.ActiveCfg = Debug|Any CPU
		{AAB68DC5-7BDA-492F-A4D0-DA45A7109A4B}.Debug|Any CPU.Build.0 = Debug|Any CPU
		{AAB68DC5-7BDA-492F-A4D0-DA45A7109A4B}.Release|Any CPU.ActiveCfg = Release|Any CPU
		{AAB68DC5-7BDA-492F-A4D0-DA45A7109A4B}.Release|Any CPU.Build.0 = Release|Any CPU
		{0C4C9D1C-ED76-47CE-BCF2-2F7ABBF91651}.Debug|Any CPU.ActiveCfg = Debug|Any CPU
		{0C4C9D1C-ED76-47CE-BCF2-2F7ABBF91651}.Debug|Any CPU.Build.0 = Debug|Any CPU
		{0C4C9D1C-ED76-47CE-BCF2-2F7ABBF91651}.Release|Any CPU.ActiveCfg = Release|Any CPU
		{0C4C9D1C-ED76-47CE-BCF2-2F7ABBF91651}.Release|Any CPU.Build.0 = Release|Any CPU
		{8D9A88A9-B0DC-4852-9E99-6F2F0F3E45E9}.Debug|Any CPU.ActiveCfg = Debug|Any CPU
		{8D9A88A9-B0DC-4852-9E99-6F2F0F3E45E9}.Debug|Any CPU.Build.0 = Debug|Any CPU
		{8D9A88A9-B0DC-4852-9E99-6F2F0F3E45E9}.Release|Any CPU.ActiveCfg = Release|Any CPU
		{8D9A88A9-B0DC-4852-9E99-6F2F0F3E45E9}.Release|Any CPU.Build.0 = Release|Any CPU
		{FA8E4985-98E2-417F-9BDF-B50E194C5093}.Debug|Any CPU.ActiveCfg = Debug|Any CPU
		{FA8E4985-98E2-417F-9BDF-B50E194C5093}.Debug|Any CPU.Build.0 = Debug|Any CPU
		{FA8E4985-98E2-417F-9BDF-B50E194C5093}.Release|Any CPU.ActiveCfg = Release|Any CPU
		{FA8E4985-98E2-417F-9BDF-B50E194C5093}.Release|Any CPU.Build.0 = Release|Any CPU
	EndGlobalSection
	GlobalSection(SolutionProperties) = preSolution
		HideSolutionNode = FALSE
	EndGlobalSection
	GlobalSection(NestedProjects) = preSolution
		{DFE01FE8-A08F-4187-9124-E316AB0BB771} = {358D5C82-8C3C-40A8-8939-6A27A5A15D63}
		{1A2C7D3A-BBFE-40D5-94AB-1A604E88271D} = {DFE01FE8-A08F-4187-9124-E316AB0BB771}
		{1283AB95-D753-4D67-A57F-FDD7A584CF58} = {358D5C82-8C3C-40A8-8939-6A27A5A15D63}
		{198BE2EB-AFDF-4397-9BA5-BE7B1A9E6E32} = {1283AB95-D753-4D67-A57F-FDD7A584CF58}
		{2C722B97-CCB0-4FDB-9387-FAC9FA86D0E8} = {358D5C82-8C3C-40A8-8939-6A27A5A15D63}
		{66F6410C-43F4-4AC7-B9B1-D1F0069A232F} = {2C722B97-CCB0-4FDB-9387-FAC9FA86D0E8}
		{60F09CFF-7AAF-4E1E-8E87-3749F6E7184F} = {2C722B97-CCB0-4FDB-9387-FAC9FA86D0E8}
		{0FCFA391-D950-4797-9645-26745D3A3240} = {358D5C82-8C3C-40A8-8939-6A27A5A15D63}
		{7603147B-96F5-48D4-993F-32DED4EA1A0E} = {0FCFA391-D950-4797-9645-26745D3A3240}
		{2EC93F2B-57A4-4DF4-A43F-88907BDFEBC2} = {0FCFA391-D950-4797-9645-26745D3A3240}
		{7003FDE3-B8A3-4A48-BB12-E750F09EB5E6} = {0FCFA391-D950-4797-9645-26745D3A3240}
		{E1B734B0-C14C-4ECE-A401-FA4E924A3089} = {0FCFA391-D950-4797-9645-26745D3A3240}
		{AAB68DC5-7BDA-492F-A4D0-DA45A7109A4B} = {7AEADFDF-6F51-4E9E-BA6B-D0FA59D5A974}
		{0C4C9D1C-ED76-47CE-BCF2-2F7ABBF91651} = {D1C24B78-411D-402F-89DD-9D8C4984F1A1}
		{8D9A88A9-B0DC-4852-9E99-6F2F0F3E45E9} = {D1C24B78-411D-402F-89DD-9D8C4984F1A1}
		{FA8E4985-98E2-417F-9BDF-B50E194C5093} = {649D1981-3412-4217-B023-5579DE9DAEEA}
	EndGlobalSection
	GlobalSection(ExtensibilityGlobals) = postSolution
		SolutionGuid = {B606E436-4BA1-46AA-80B6-7D68D86F6261}
	EndGlobalSection
EndGlobal
